
Microsoft Visual Studio Solution File, Format Version 12.00
# Visual Studio 15
VisualStudioVersion = 15.0.27428.2015
MinimumVisualStudioVersion = 10.0.40219.1
Project("{FAE04EC0-301F-11D3-BF4B-00C04F79EFBC}") = "frameWorkInfragistic", "frameWorkInfragistic\frameWorkInfragistic\frameWorkInfragistic.csproj", "{448F6CD6-266A-4C68-AF38-50FE14B30165}"
EndProject
Project("{FAE04EC0-301F-11D3-BF4B-00C04F79EFBC}") = "frameWorkInfragistic.Android", "frameWorkInfragistic\frameWorkInfragistic.Android\frameWorkInfragistic.Android.csproj", "{08790CAF-E61D-4C51-BE7A-EF31A2A97C45}"
EndProject
Global
	GlobalSection(SolutionConfigurationPlatforms) = preSolution
		Debug|Any CPU = Debug|Any CPU
		Release|Any CPU = Release|Any CPU
	EndGlobalSection
	GlobalSection(ProjectConfigurationPlatforms) = postSolution
		{448F6CD6-266A-4C68-AF38-50FE14B30165}.Debug|Any CPU.ActiveCfg = Debug|Any CPU
		{448F6CD6-266A-4C68-AF38-50FE14B30165}.Debug|Any CPU.Build.0 = Debug|Any CPU
		{448F6CD6-266A-4C68-AF38-50FE14B30165}.Release|Any CPU.ActiveCfg = Release|Any CPU
		{448F6CD6-266A-4C68-AF38-50FE14B30165}.Release|Any CPU.Build.0 = Release|Any CPU
		{08790CAF-E61D-4C51-BE7A-EF31A2A97C45}.Debug|Any CPU.ActiveCfg = Debug|Any CPU
		{08790CAF-E61D-4C51-BE7A-EF31A2A97C45}.Debug|Any CPU.Build.0 = Debug|Any CPU
		{08790CAF-E61D-4C51-BE7A-EF31A2A97C45}.Debug|Any CPU.Deploy.0 = Debug|Any CPU
		{08790CAF-E61D-4C51-BE7A-EF31A2A97C45}.Release|Any CPU.ActiveCfg = Release|Any CPU
		{08790CAF-E61D-4C51-BE7A-EF31A2A97C45}.Release|Any CPU.Build.0 = Release|Any CPU
		{08790CAF-E61D-4C51-BE7A-EF31A2A97C45}.Release|Any CPU.Deploy.0 = Release|Any CPU
	EndGlobalSection
	GlobalSection(SolutionProperties) = preSolution
		HideSolutionNode = FALSE
	EndGlobalSection
	GlobalSection(ExtensibilityGlobals) = postSolution
		SolutionGuid = {BCC95491-9462-485C-B239-A13202B0B759}
	EndGlobalSection
EndGlobal
